
Microsoft Visual Studio Solution File, Format Version 12.00
# Visual Studio Version 17
VisualStudioVersion = 17.2.32616.157
MinimumVisualStudioVersion = 10.0.40219.1
Project("{FAE04EC0-301F-11D3-BF4B-00C04F79EFBC}") = "OptimizedTreeView", "OptimizedTreeView\OptimizedTreeView.csproj", "{8B290096-3D2D-4AA0-904E-ADA536C64DAC}"
EndProject
Project("{FAE04EC0-301F-11D3-BF4B-00C04F79EFBC}") = "OptimizedTreeView.Interface", "OptimizedTreeView.Interface\OptimizedTreeView.Interface.csproj", "{332552B3-6F87-45F6-A9F7-D7A0311D7121}"
EndProject
Global
	GlobalSection(SolutionConfigurationPlatforms) = preSolution
		Debug|Any CPU = Debug|Any CPU
		Release|Any CPU = Release|Any CPU
	EndGlobalSection
	GlobalSection(ProjectConfigurationPlatforms) = postSolution
		{8B290096-3D2D-4AA0-904E-ADA536C64DAC}.Debug|Any CPU.ActiveCfg = Debug|Any CPU
		{8B290096-3D2D-4AA0-904E-ADA536C64DAC}.Debug|Any CPU.Build.0 = Debug|Any CPU
		{8B290096-3D2D-4AA0-904E-ADA536C64DAC}.Release|Any CPU.ActiveCfg = Release|Any CPU
		{8B290096-3D2D-4AA0-904E-ADA536C64DAC}.Release|Any CPU.Build.0 = Release|Any CPU
		{332552B3-6F87-45F6-A9F7-D7A0311D7121}.Debug|Any CPU.ActiveCfg = Debug|Any CPU
		{332552B3-6F87-45F6-A9F7-D7A0311D7121}.Debug|Any CPU.Build.0 = Debug|Any CPU
		{332552B3-6F87-45F6-A9F7-D7A0311D7121}.Release|Any CPU.ActiveCfg = Release|Any CPU
		{332552B3-6F87-45F6-A9F7-D7A0311D7121}.Release|Any CPU.Build.0 = Release|Any CPU
	EndGlobalSection
	GlobalSection(SolutionProperties) = preSolution
		HideSolutionNode = FALSE
	EndGlobalSection
	GlobalSection(ExtensibilityGlobals) = postSolution
		SolutionGuid = {F918BC33-B221-4A6D-AE09-AB3A5392D4BC}
	EndGlobalSection
EndGlobal
